
Microsoft Visual Studio Solution File, Format Version 12.00
# Visual Studio 15
VisualStudioVersion = 15.0.26124.0
MinimumVisualStudioVersion = 15.0.26124.0
Project("{2150E333-8FDC-42A3-9474-1A3956D46DE8}") = "src", "src", "{388BCCAA-65EC-4C86-889D-F2C20EC4BB39}"
EndProject
Project("{FAE04EC0-301F-11D3-BF4B-00C04F79EFBC}") = "UserCom.Client", "src\UserCom.Client\UserCom.Client.csproj", "{D551E7E6-FCDC-4D98-83D5-46BDB723B8E4}"
EndProject
Project("{2150E333-8FDC-42A3-9474-1A3956D46DE8}") = "tests", "tests", "{4AF35126-2CC4-4FEB-9B29-2B74F2A0B246}"
EndProject
Project("{FAE04EC0-301F-11D3-BF4B-00C04F79EFBC}") = "UserCom", "tests\UserCom\UserCom.csproj", "{346A0487-1727-407D-AD41-3B2D2BF86BD9}"
EndProject
Project("{FAE04EC0-301F-11D3-BF4B-00C04F79EFBC}") = "Integration", "tests\Integration\Integration.csproj", "{C029BDD2-AB9E-4492-8451-D96AABCC1874}"
EndProject
Global
	GlobalSection(SolutionConfigurationPlatforms) = preSolution
		Debug|Any CPU = Debug|Any CPU
		Debug|x64 = Debug|x64
		Debug|x86 = Debug|x86
		Release|Any CPU = Release|Any CPU
		Release|x64 = Release|x64
		Release|x86 = Release|x86
	EndGlobalSection
	GlobalSection(SolutionProperties) = preSolution
		HideSolutionNode = FALSE
	EndGlobalSection
	GlobalSection(ProjectConfigurationPlatforms) = postSolution
		{D551E7E6-FCDC-4D98-83D5-46BDB723B8E4}.Debug|Any CPU.ActiveCfg = Debug|Any CPU
		{D551E7E6-FCDC-4D98-83D5-46BDB723B8E4}.Debug|Any CPU.Build.0 = Debug|Any CPU
		{D551E7E6-FCDC-4D98-83D5-46BDB723B8E4}.Debug|x64.ActiveCfg = Debug|Any CPU
		{D551E7E6-FCDC-4D98-83D5-46BDB723B8E4}.Debug|x64.Build.0 = Debug|Any CPU
		{D551E7E6-FCDC-4D98-83D5-46BDB723B8E4}.Debug|x86.ActiveCfg = Debug|Any CPU
		{D551E7E6-FCDC-4D98-83D5-46BDB723B8E4}.Debug|x86.Build.0 = Debug|Any CPU
		{D551E7E6-FCDC-4D98-83D5-46BDB723B8E4}.Release|Any CPU.ActiveCfg = Release|Any CPU
		{D551E7E6-FCDC-4D98-83D5-46BDB723B8E4}.Release|Any CPU.Build.0 = Release|Any CPU
		{D551E7E6-FCDC-4D98-83D5-46BDB723B8E4}.Release|x64.ActiveCfg = Release|Any CPU
		{D551E7E6-FCDC-4D98-83D5-46BDB723B8E4}.Release|x64.Build.0 = Release|Any CPU
		{D551E7E6-FCDC-4D98-83D5-46BDB723B8E4}.Release|x86.ActiveCfg = Release|Any CPU
		{D551E7E6-FCDC-4D98-83D5-46BDB723B8E4}.Release|x86.Build.0 = Release|Any CPU
		{346A0487-1727-407D-AD41-3B2D2BF86BD9}.Debug|Any CPU.ActiveCfg = Debug|Any CPU
		{346A0487-1727-407D-AD41-3B2D2BF86BD9}.Debug|Any CPU.Build.0 = Debug|Any CPU
		{346A0487-1727-407D-AD41-3B2D2BF86BD9}.Debug|x64.ActiveCfg = Debug|Any CPU
		{346A0487-1727-407D-AD41-3B2D2BF86BD9}.Debug|x64.Build.0 = Debug|Any CPU
		{346A0487-1727-407D-AD41-3B2D2BF86BD9}.Debug|x86.ActiveCfg = Debug|Any CPU
		{346A0487-1727-407D-AD41-3B2D2BF86BD9}.Debug|x86.Build.0 = Debug|Any CPU
		{346A0487-1727-407D-AD41-3B2D2BF86BD9}.Release|Any CPU.ActiveCfg = Release|Any CPU
		{346A0487-1727-407D-AD41-3B2D2BF86BD9}.Release|Any CPU.Build.0 = Release|Any CPU
		{346A0487-1727-407D-AD41-3B2D2BF86BD9}.Release|x64.ActiveCfg = Release|Any CPU
		{346A0487-1727-407D-AD41-3B2D2BF86BD9}.Release|x64.Build.0 = Release|Any CPU
		{346A0487-1727-407D-AD41-3B2D2BF86BD9}.Release|x86.ActiveCfg = Release|Any CPU
		{346A0487-1727-407D-AD41-3B2D2BF86BD9}.Release|x86.Build.0 = Release|Any CPU
		{C029BDD2-AB9E-4492-8451-D96AABCC1874}.Debug|Any CPU.ActiveCfg = Debug|Any CPU
		{C029BDD2-AB9E-4492-8451-D96AABCC1874}.Debug|Any CPU.Build.0 = Debug|Any CPU
		{C029BDD2-AB9E-4492-8451-D96AABCC1874}.Debug|x64.ActiveCfg = Debug|Any CPU
		{C029BDD2-AB9E-4492-8451-D96AABCC1874}.Debug|x64.Build.0 = Debug|Any CPU
		{C029BDD2-AB9E-4492-8451-D96AABCC1874}.Debug|x86.ActiveCfg = Debug|Any CPU
		{C029BDD2-AB9E-4492-8451-D96AABCC1874}.Debug|x86.Build.0 = Debug|Any CPU
		{C029BDD2-AB9E-4492-8451-D96AABCC1874}.Release|Any CPU.ActiveCfg = Release|Any CPU
		{C029BDD2-AB9E-4492-8451-D96AABCC1874}.Release|Any CPU.Build.0 = Release|Any CPU
		{C029BDD2-AB9E-4492-8451-D96AABCC1874}.Release|x64.ActiveCfg = Release|Any CPU
		{C029BDD2-AB9E-4492-8451-D96AABCC1874}.Release|x64.Build.0 = Release|Any CPU
		{C029BDD2-AB9E-4492-8451-D96AABCC1874}.Release|x86.ActiveCfg = Release|Any CPU
		{C029BDD2-AB9E-4492-8451-D96AABCC1874}.Release|x86.Build.0 = Release|Any CPU
	EndGlobalSection
	GlobalSection(NestedProjects) = preSolution
		{D551E7E6-FCDC-4D98-83D5-46BDB723B8E4} = {388BCCAA-65EC-4C86-889D-F2C20EC4BB39}
		{346A0487-1727-407D-AD41-3B2D2BF86BD9} = {4AF35126-2CC4-4FEB-9B29-2B74F2A0B246}
		{C029BDD2-AB9E-4492-8451-D96AABCC1874} = {4AF35126-2CC4-4FEB-9B29-2B74F2A0B246}
	EndGlobalSection
EndGlobal
